// !$*UTF8*$!
{
	archiveVersion = 1;
	classes = {
	};
	objectVersion = 46;
	objects = {

/* Begin PBXBuildFile section */
		793ACFF91DE6A4C5004C4004 /* ArtistViewController.swift in Sources */ = {isa = PBXBuildFile; fileRef = 793ACFF81DE6A4C5004C4004 /* ArtistViewController.swift */; };
		794FCFB61DEAFD5B004A0459 /* GoogleService-Info.plist in Resources */ = {isa = PBXBuildFile; fileRef = 794FCFB51DEAFD5B004A0459 /* GoogleService-Info.plist */; };
		798037881DFA389100AE3D58 /* ExpandCollapseButton.xib in Resources */ = {isa = PBXBuildFile; fileRef = 798037871DFA389100AE3D58 /* ExpandCollapseButton.xib */; };
		7980378A1DFA38BD00AE3D58 /* ExpandCollapseButton.swift in Sources */ = {isa = PBXBuildFile; fileRef = 798037891DFA38BD00AE3D58 /* ExpandCollapseButton.swift */; };
		79B40F261DEB9DB100633EC6 /* TPKeyboardAvoidingCollectionView.m in Sources */ = {isa = PBXBuildFile; fileRef = 79B40F1F1DEB9DB100633EC6 /* TPKeyboardAvoidingCollectionView.m */; };
		79B40F271DEB9DB100633EC6 /* TPKeyboardAvoidingScrollView.m in Sources */ = {isa = PBXBuildFile; fileRef = 79B40F211DEB9DB100633EC6 /* TPKeyboardAvoidingScrollView.m */; };
		79B40F281DEB9DB100633EC6 /* TPKeyboardAvoidingTableView.m in Sources */ = {isa = PBXBuildFile; fileRef = 79B40F231DEB9DB100633EC6 /* TPKeyboardAvoidingTableView.m */; };
		79B40F291DEB9DB100633EC6 /* UIScrollView+TPKeyboardAvoidingAdditions.m in Sources */ = {isa = PBXBuildFile; fileRef = 79B40F251DEB9DB100633EC6 /* UIScrollView+TPKeyboardAvoidingAdditions.m */; };
		79B40F2B1DEB9F1E00633EC6 /* LoginViewController.swift in Sources */ = {isa = PBXBuildFile; fileRef = 79B40F2A1DEB9F1E00633EC6 /* LoginViewController.swift */; };
		79DEF6E71DE50A0C007BD5C1 /* MainViewController.swift in Sources */ = {isa = PBXBuildFile; fileRef = 79DEF6E61DE50A0C007BD5C1 /* MainViewController.swift */; };
		79E969AB1DCE1E8300C67B8F /* AppDelegate.swift in Sources */ = {isa = PBXBuildFile; fileRef = 79E969AA1DCE1E8300C67B8F /* AppDelegate.swift */; };
		79E969AD1DCE1E8300C67B8F /* MusicViewController.swift in Sources */ = {isa = PBXBuildFile; fileRef = 79E969AC1DCE1E8300C67B8F /* MusicViewController.swift */; };
		79E969B01DCE1E8300C67B8F /* Main.storyboard in Resources */ = {isa = PBXBuildFile; fileRef = 79E969AE1DCE1E8300C67B8F /* Main.storyboard */; };
		79E969B21DCE1E8300C67B8F /* Assets.xcassets in Resources */ = {isa = PBXBuildFile; fileRef = 79E969B11DCE1E8300C67B8F /* Assets.xcassets */; };
		79E969B51DCE1E8300C67B8F /* LaunchScreen.storyboard in Resources */ = {isa = PBXBuildFile; fileRef = 79E969B31DCE1E8300C67B8F /* LaunchScreen.storyboard */; };
		79F795191DE5476200C349D0 /* BrowseViewController.swift in Sources */ = {isa = PBXBuildFile; fileRef = 79F795181DE5476200C349D0 /* BrowseViewController.swift */; };
		B9B3634391755338319C4B68 /* Pods_MusicProject.framework in Frameworks */ = {isa = PBXBuildFile; fileRef = FAE7243F211BA434B8221731 /* Pods_MusicProject.framework */; };
/* End PBXBuildFile section */

/* Begin PBXFileReference section */
		2FADEE8C029DB50C8C5BDB96 /* Pods-MusicProject.debug.xcconfig */ = {isa = PBXFileReference; includeInIndex = 1; lastKnownFileType = text.xcconfig; name = "Pods-MusicProject.debug.xcconfig"; path = "Pods/Target Support Files/Pods-MusicProject/Pods-MusicProject.debug.xcconfig"; sourceTree = "<group>"; };
		793ACFF81DE6A4C5004C4004 /* ArtistViewController.swift */ = {isa = PBXFileReference; fileEncoding = 4; lastKnownFileType = sourcecode.swift; path = ArtistViewController.swift; sourceTree = "<group>"; };
		794FCFB51DEAFD5B004A0459 /* GoogleService-Info.plist */ = {isa = PBXFileReference; fileEncoding = 4; lastKnownFileType = text.plist.xml; path = "GoogleService-Info.plist"; sourceTree = "<group>"; };
		798037871DFA389100AE3D58 /* ExpandCollapseButton.xib */ = {isa = PBXFileReference; fileEncoding = 4; lastKnownFileType = file.xib; path = ExpandCollapseButton.xib; sourceTree = "<group>"; };
		798037891DFA38BD00AE3D58 /* ExpandCollapseButton.swift */ = {isa = PBXFileReference; fileEncoding = 4; lastKnownFileType = sourcecode.swift; path = ExpandCollapseButton.swift; sourceTree = "<group>"; };
		79B40F1D1DEB9DA600633EC6 /* TPKeyboardAvoidingCollectionView.h */ = {isa = PBXFileReference; fileEncoding = 4; lastKnownFileType = sourcecode.c.h; path = TPKeyboardAvoidingCollectionView.h; sourceTree = "<group>"; };
		79B40F1E1DEB9DB100633EC6 /* MusicProject-Bridging-Header.h */ = {isa = PBXFileReference; lastKnownFileType = sourcecode.c.h; path = "MusicProject-Bridging-Header.h"; sourceTree = "<group>"; };
		79B40F1F1DEB9DB100633EC6 /* TPKeyboardAvoidingCollectionView.m */ = {isa = PBXFileReference; fileEncoding = 4; lastKnownFileType = sourcecode.c.objc; path = TPKeyboardAvoidingCollectionView.m; sourceTree = "<group>"; };
		79B40F201DEB9DB100633EC6 /* TPKeyboardAvoidingScrollView.h */ = {isa = PBXFileReference; fileEncoding = 4; lastKnownFileType = sourcecode.c.h; path = TPKeyboardAvoidingScrollView.h; sourceTree = "<group>"; };
		79B40F211DEB9DB100633EC6 /* TPKeyboardAvoidingScrollView.m */ = {isa = PBXFileReference; fileEncoding = 4; lastKnownFileType = sourcecode.c.objc; path = TPKeyboardAvoidingScrollView.m; sourceTree = "<group>"; };
		79B40F221DEB9DB100633EC6 /* TPKeyboardAvoidingTableView.h */ = {isa = PBXFileReference; fileEncoding = 4; lastKnownFileType = sourcecode.c.h; path = TPKeyboardAvoidingTableView.h; sourceTree = "<group>"; };
		79B40F231DEB9DB100633EC6 /* TPKeyboardAvoidingTableView.m */ = {isa = PBXFileReference; fileEncoding = 4; lastKnownFileType = sourcecode.c.objc; path = TPKeyboardAvoidingTableView.m; sourceTree = "<group>"; };
		79B40F241DEB9DB100633EC6 /* UIScrollView+TPKeyboardAvoidingAdditions.h */ = {isa = PBXFileReference; fileEncoding = 4; lastKnownFileType = sourcecode.c.h; path = "UIScrollView+TPKeyboardAvoidingAdditions.h"; sourceTree = "<group>"; };
		79B40F251DEB9DB100633EC6 /* UIScrollView+TPKeyboardAvoidingAdditions.m */ = {isa = PBXFileReference; fileEncoding = 4; lastKnownFileType = sourcecode.c.objc; path = "UIScrollView+TPKeyboardAvoidingAdditions.m"; sourceTree = "<group>"; };
		79B40F2A1DEB9F1E00633EC6 /* LoginViewController.swift */ = {isa = PBXFileReference; fileEncoding = 4; lastKnownFileType = sourcecode.swift; path = LoginViewController.swift; sourceTree = "<group>"; };
		79DEF6E61DE50A0C007BD5C1 /* MainViewController.swift */ = {isa = PBXFileReference; fileEncoding = 4; lastKnownFileType = sourcecode.swift; path = MainViewController.swift; sourceTree = "<group>"; };
		79E969A71DCE1E8300C67B8F /* MusicProject.app */ = {isa = PBXFileReference; explicitFileType = wrapper.application; includeInIndex = 0; path = MusicProject.app; sourceTree = BUILT_PRODUCTS_DIR; };
		79E969AA1DCE1E8300C67B8F /* AppDelegate.swift */ = {isa = PBXFileReference; lastKnownFileType = sourcecode.swift; path = AppDelegate.swift; sourceTree = "<group>"; };
		79E969AC1DCE1E8300C67B8F /* MusicViewController.swift */ = {isa = PBXFileReference; lastKnownFileType = sourcecode.swift; path = MusicViewController.swift; sourceTree = "<group>"; };
		79E969AF1DCE1E8300C67B8F /* Base */ = {isa = PBXFileReference; lastKnownFileType = file.storyboard; name = Base; path = Base.lproj/Main.storyboard; sourceTree = "<group>"; };
		79E969B11DCE1E8300C67B8F /* Assets.xcassets */ = {isa = PBXFileReference; lastKnownFileType = folder.assetcatalog; path = Assets.xcassets; sourceTree = "<group>"; };
		79E969B41DCE1E8300C67B8F /* Base */ = {isa = PBXFileReference; lastKnownFileType = file.storyboard; name = Base; path = Base.lproj/LaunchScreen.storyboard; sourceTree = "<group>"; };
		79E969B61DCE1E8300C67B8F /* Info.plist */ = {isa = PBXFileReference; lastKnownFileType = text.plist.xml; path = Info.plist; sourceTree = "<group>"; };
		79F795181DE5476200C349D0 /* BrowseViewController.swift */ = {isa = PBXFileReference; fileEncoding = 4; lastKnownFileType = sourcecode.swift; path = BrowseViewController.swift; sourceTree = "<group>"; };
		89E099F64AAC33BFD422AD3E /* Pods-MusicProject.release.xcconfig */ = {isa = PBXFileReference; includeInIndex = 1; lastKnownFileType = text.xcconfig; name = "Pods-MusicProject.release.xcconfig"; path = "Pods/Target Support Files/Pods-MusicProject/Pods-MusicProject.release.xcconfig"; sourceTree = "<group>"; };
		FAE7243F211BA434B8221731 /* Pods_MusicProject.framework */ = {isa = PBXFileReference; explicitFileType = wrapper.framework; includeInIndex = 0; path = Pods_MusicProject.framework; sourceTree = BUILT_PRODUCTS_DIR; };
/* End PBXFileReference section */

/* Begin PBXFrameworksBuildPhase section */
		79E969A41DCE1E8300C67B8F /* Frameworks */ = {
			isa = PBXFrameworksBuildPhase;
			buildActionMask = 2147483647;
			files = (
				B9B3634391755338319C4B68 /* Pods_MusicProject.framework in Frameworks */,
			);
			runOnlyForDeploymentPostprocessing = 0;
		};
/* End PBXFrameworksBuildPhase section */

/* Begin PBXGroup section */
		2BF87598B8888B4ACFDF6C57 /* Pods */ = {
			isa = PBXGroup;
			children = (
				2FADEE8C029DB50C8C5BDB96 /* Pods-MusicProject.debug.xcconfig */,
				89E099F64AAC33BFD422AD3E /* Pods-MusicProject.release.xcconfig */,
			);
			name = Pods;
			sourceTree = "<group>";
		};
		79B40F0F1DEB9D6C00633EC6 /* TPKeyboardAvoiding */ = {
			isa = PBXGroup;
			children = (
				79B40F1D1DEB9DA600633EC6 /* TPKeyboardAvoidingCollectionView.h */,
				79B40F1F1DEB9DB100633EC6 /* TPKeyboardAvoidingCollectionView.m */,
				79B40F201DEB9DB100633EC6 /* TPKeyboardAvoidingScrollView.h */,
				79B40F211DEB9DB100633EC6 /* TPKeyboardAvoidingScrollView.m */,
				79B40F221DEB9DB100633EC6 /* TPKeyboardAvoidingTableView.h */,
				79B40F231DEB9DB100633EC6 /* TPKeyboardAvoidingTableView.m */,
				79B40F241DEB9DB100633EC6 /* UIScrollView+TPKeyboardAvoidingAdditions.h */,
				79B40F251DEB9DB100633EC6 /* UIScrollView+TPKeyboardAvoidingAdditions.m */,
				79B40F1E1DEB9DB100633EC6 /* MusicProject-Bridging-Header.h */,
			);
			name = TPKeyboardAvoiding;
			sourceTree = "<group>";
		};
		79E9699E1DCE1E8300C67B8F = {
			isa = PBXGroup;
			children = (
				79E969A91DCE1E8300C67B8F /* MusicProject */,
				79E969A81DCE1E8300C67B8F /* Products */,
				2BF87598B8888B4ACFDF6C57 /* Pods */,
				B2CA56E29C869886E7387E36 /* Frameworks */,
			);
			sourceTree = "<group>";
		};
		79E969A81DCE1E8300C67B8F /* Products */ = {
			isa = PBXGroup;
			children = (
				79E969A71DCE1E8300C67B8F /* MusicProject.app */,
			);
			name = Products;
			sourceTree = "<group>";
		};
		79E969A91DCE1E8300C67B8F /* MusicProject */ = {
			isa = PBXGroup;
			children = (
				79E969B11DCE1E8300C67B8F /* Assets.xcassets */,
				79E969AA1DCE1E8300C67B8F /* AppDelegate.swift */,
				79E969AE1DCE1E8300C67B8F /* Main.storyboard */,
				79E969B31DCE1E8300C67B8F /* LaunchScreen.storyboard */,
				794FCFB51DEAFD5B004A0459 /* GoogleService-Info.plist */,
				79E969B61DCE1E8300C67B8F /* Info.plist */,
				79DEF6E61DE50A0C007BD5C1 /* MainViewController.swift */,
				79F795181DE5476200C349D0 /* BrowseViewController.swift */,
				793ACFF81DE6A4C5004C4004 /* ArtistViewController.swift */,
				79E969AC1DCE1E8300C67B8F /* MusicViewController.swift */,
				79B40F2A1DEB9F1E00633EC6 /* LoginViewController.swift */,
				798037871DFA389100AE3D58 /* ExpandCollapseButton.xib */,
				798037891DFA38BD00AE3D58 /* ExpandCollapseButton.swift */,
			);
			path = MusicProject;
			sourceTree = "<group>";
		};
		B2CA56E29C869886E7387E36 /* Frameworks */ = {
			isa = PBXGroup;
			children = (
				79B40F0F1DEB9D6C00633EC6 /* TPKeyboardAvoiding */,
				FAE7243F211BA434B8221731 /* Pods_MusicProject.framework */,
			);
			name = Frameworks;
			sourceTree = "<group>";
		};
/* End PBXGroup section */

/* Begin PBXNativeTarget section */
		79E969A61DCE1E8300C67B8F /* MusicProject */ = {
			isa = PBXNativeTarget;
			buildConfigurationList = 79E969B91DCE1E8300C67B8F /* Build configuration list for PBXNativeTarget "MusicProject" */;
			buildPhases = (
				093F0CDC06820D476FA1A98A /* [CP] Check Pods Manifest.lock */,
				79E969A31DCE1E8300C67B8F /* Sources */,
				79E969A41DCE1E8300C67B8F /* Frameworks */,
				79E969A51DCE1E8300C67B8F /* Resources */,
				FE94545F5A28EEA01CA9DC3D /* [CP] Embed Pods Frameworks */,
				B805DD2BEA0D06B57D069C11 /* [CP] Copy Pods Resources */,
			);
			buildRules = (
			);
			dependencies = (
			);
			name = MusicProject;
			productName = MusicProject;
			productReference = 79E969A71DCE1E8300C67B8F /* MusicProject.app */;
			productType = "com.apple.product-type.application";
		};
/* End PBXNativeTarget section */

/* Begin PBXProject section */
		79E9699F1DCE1E8300C67B8F /* Project object */ = {
			isa = PBXProject;
			attributes = {
				LastSwiftUpdateCheck = 0810;
				LastUpgradeCheck = 0810;
				ORGANIZATIONNAME = Pearson;
				TargetAttributes = {
					79E969A61DCE1E8300C67B8F = {
						CreatedOnToolsVersion = 8.1;
						LastSwiftMigration = 0810;
						ProvisioningStyle = Automatic;
					};
				};
			};
			buildConfigurationList = 79E969A21DCE1E8300C67B8F /* Build configuration list for PBXProject "MusicProject" */;
			compatibilityVersion = "Xcode 3.2";
			developmentRegion = English;
			hasScannedForEncodings = 0;
			knownRegions = (
				en,
				Base,
			);
			mainGroup = 79E9699E1DCE1E8300C67B8F;
			productRefGroup = 79E969A81DCE1E8300C67B8F /* Products */;
			projectDirPath = "";
			projectRoot = "";
			targets = (
				79E969A61DCE1E8300C67B8F /* MusicProject */,
			);
		};
/* End PBXProject section */

/* Begin PBXResourcesBuildPhase section */
		79E969A51DCE1E8300C67B8F /* Resources */ = {
			isa = PBXResourcesBuildPhase;
			buildActionMask = 2147483647;
			files = (
				79E969B51DCE1E8300C67B8F /* LaunchScreen.storyboard in Resources */,
				794FCFB61DEAFD5B004A0459 /* GoogleService-Info.plist in Resources */,
				79E969B21DCE1E8300C67B8F /* Assets.xcassets in Resources */,
				79E969B01DCE1E8300C67B8F /* Main.storyboard in Resources */,
				798037881DFA389100AE3D58 /* ExpandCollapseButton.xib in Resources */,
			);
			runOnlyForDeploymentPostprocessing = 0;
		};
/* End PBXResourcesBuildPhase section */

/* Begin PBXShellScriptBuildPhase section */
		093F0CDC06820D476FA1A98A /* [CP] Check Pods Manifest.lock */ = {
			isa = PBXShellScriptBuildPhase;
			buildActionMask = 2147483647;
			files = (
			);
			inputPaths = (
			);
			name = "[CP] Check Pods Manifest.lock";
			outputPaths = (
			);
			runOnlyForDeploymentPostprocessing = 0;
			shellPath = /bin/sh;
			shellScript = "diff \"${PODS_ROOT}/../Podfile.lock\" \"${PODS_ROOT}/Manifest.lock\" > /dev/null\nif [ $? != 0 ] ; then\n    # print error to STDERR\n    echo \"error: The sandbox is not in sync with the Podfile.lock. Run 'pod install' or update your CocoaPods installation.\" >&2\n    exit 1\nfi\n";
			showEnvVarsInLog = 0;
		};
		B805DD2BEA0D06B57D069C11 /* [CP] Copy Pods Resources */ = {
			isa = PBXShellScriptBuildPhase;
			buildActionMask = 2147483647;
			files = (
			);
			inputPaths = (
			);
			name = "[CP] Copy Pods Resources";
			outputPaths = (
			);
			runOnlyForDeploymentPostprocessing = 0;
			shellPath = /bin/sh;
			shellScript = "\"${SRCROOT}/Pods/Target Support Files/Pods-MusicProject/Pods-MusicProject-resources.sh\"\n";
			showEnvVarsInLog = 0;
		};
		FE94545F5A28EEA01CA9DC3D /* [CP] Embed Pods Frameworks */ = {
			isa = PBXShellScriptBuildPhase;
			buildActionMask = 2147483647;
			files = (
			);
			inputPaths = (
			);
			name = "[CP] Embed Pods Frameworks";
			outputPaths = (
			);
			runOnlyForDeploymentPostprocessing = 0;
			shellPath = /bin/sh;
			shellScript = "\"${SRCROOT}/Pods/Target Support Files/Pods-MusicProject/Pods-MusicProject-frameworks.sh\"\n";
			showEnvVarsInLog = 0;
		};
/* End PBXShellScriptBuildPhase section */

/* Begin PBXSourcesBuildPhase section */
		79E969A31DCE1E8300C67B8F /* Sources */ = {
			isa = PBXSourcesBuildPhase;
			buildActionMask = 2147483647;
			files = (
				79B40F271DEB9DB100633EC6 /* TPKeyboardAvoidingScrollView.m in Sources */,
				79B40F281DEB9DB100633EC6 /* TPKeyboardAvoidingTableView.m in Sources */,
				79DEF6E71DE50A0C007BD5C1 /* MainViewController.swift in Sources */,
				7980378A1DFA38BD00AE3D58 /* ExpandCollapseButton.swift in Sources */,
				79E969AD1DCE1E8300C67B8F /* MusicViewController.swift in Sources */,
				79B40F291DEB9DB100633EC6 /* UIScrollView+TPKeyboardAvoidingAdditions.m in Sources */,
				79E969AB1DCE1E8300C67B8F /* AppDelegate.swift in Sources */,
				79F795191DE5476200C349D0 /* BrowseViewController.swift in Sources */,
				79B40F261DEB9DB100633EC6 /* TPKeyboardAvoidingCollectionView.m in Sources */,
				79B40F2B1DEB9F1E00633EC6 /* LoginViewController.swift in Sources */,
				793ACFF91DE6A4C5004C4004 /* ArtistViewController.swift in Sources */,
			);
			runOnlyForDeploymentPostprocessing = 0;
		};
/* End PBXSourcesBuildPhase section */

/* Begin PBXVariantGroup section */
		79E969AE1DCE1E8300C67B8F /* Main.storyboard */ = {
			isa = PBXVariantGroup;
			children = (
				79E969AF1DCE1E8300C67B8F /* Base */,
			);
			name = Main.storyboard;
			sourceTree = "<group>";
		};
		79E969B31DCE1E8300C67B8F /* LaunchScreen.storyboard */ = {
			isa = PBXVariantGroup;
			children = (
				79E969B41DCE1E8300C67B8F /* Base */,
			);
			name = LaunchScreen.storyboard;
			sourceTree = "<group>";
		};
/* End PBXVariantGroup section */

/* Begin XCBuildConfiguration section */
		79E969B71DCE1E8300C67B8F /* Debug */ = {
			isa = XCBuildConfiguration;
			buildSettings = {
				ALWAYS_SEARCH_USER_PATHS = NO;
				CLANG_ANALYZER_NONNULL = YES;
				CLANG_CXX_LANGUAGE_STANDARD = "gnu++0x";
				CLANG_CXX_LIBRARY = "libc++";
				CLANG_ENABLE_MODULES = YES;
				CLANG_ENABLE_OBJC_ARC = YES;
				CLANG_WARN_BOOL_CONVERSION = YES;
				CLANG_WARN_CONSTANT_CONVERSION = YES;
				CLANG_WARN_DIRECT_OBJC_ISA_USAGE = YES_ERROR;
				CLANG_WARN_DOCUMENTATION_COMMENTS = YES;
				CLANG_WARN_EMPTY_BODY = YES;
				CLANG_WARN_ENUM_CONVERSION = YES;
				CLANG_WARN_INFINITE_RECURSION = YES;
				CLANG_WARN_INT_CONVERSION = YES;
				CLANG_WARN_OBJC_ROOT_CLASS = YES_ERROR;
				CLANG_WARN_SUSPICIOUS_MOVES = YES;
				CLANG_WARN_UNREACHABLE_CODE = YES;
				CLANG_WARN__DUPLICATE_METHOD_MATCH = YES;
				"CODE_SIGN_IDENTITY[sdk=iphoneos*]" = "iPhone Developer";
				COPY_PHASE_STRIP = NO;
				DEBUG_INFORMATION_FORMAT = dwarf;
				ENABLE_STRICT_OBJC_MSGSEND = YES;
				ENABLE_TESTABILITY = YES;
				GCC_C_LANGUAGE_STANDARD = gnu99;
				GCC_DYNAMIC_NO_PIC = NO;
				GCC_NO_COMMON_BLOCKS = YES;
				GCC_OPTIMIZATION_LEVEL = 0;
				GCC_PREPROCESSOR_DEFINITIONS = (
					"DEBUG=1",
					"$(inherited)",
				);
				GCC_WARN_64_TO_32_BIT_CONVERSION = YES;
				GCC_WARN_ABOUT_RETURN_TYPE = YES_ERROR;
				GCC_WARN_UNDECLARED_SELECTOR = YES;
				GCC_WARN_UNINITIALIZED_AUTOS = YES_AGGRESSIVE;
				GCC_WARN_UNUSED_FUNCTION = YES;
				GCC_WARN_UNUSED_VARIABLE = YES;
				IPHONEOS_DEPLOYMENT_TARGET = 10.1;
				MTL_ENABLE_DEBUG_INFO = YES;
				ONLY_ACTIVE_ARCH = YES;
				SDKROOT = iphoneos;
				SWIFT_ACTIVE_COMPILATION_CONDITIONS = DEBUG;
				SWIFT_OPTIMIZATION_LEVEL = "-Onone";
			};
			name = Debug;
		};
		79E969B81DCE1E8300C67B8F /* Release */ = {
			isa = XCBuildConfiguration;
			buildSettings = {
				ALWAYS_SEARCH_USER_PATHS = NO;
				CLANG_ANALYZER_NONNULL = YES;
				CLANG_CXX_LANGUAGE_STANDARD = "gnu++0x";
				CLANG_CXX_LIBRARY = "libc++";
				CLANG_ENABLE_MODULES = YES;
				CLANG_ENABLE_OBJC_ARC = YES;
				CLANG_WARN_BOOL_CONVERSION = YES;
				CLANG_WARN_CONSTANT_CONVERSION = YES;
				CLANG_WARN_DIRECT_OBJC_ISA_USAGE = YES_ERROR;
				CLANG_WARN_DOCUMENTATION_COMMENTS = YES;
				CLANG_WARN_EMPTY_BODY = YES;
				CLANG_WARN_ENUM_CONVERSION = YES;
				CLANG_WARN_INFINITE_RECURSION = YES;
				CLANG_WARN_INT_CONVERSION = YES;
				CLANG_WARN_OBJC_ROOT_CLASS = YES_ERROR;
				CLANG_WARN_SUSPICIOUS_MOVES = YES;
				CLANG_WARN_UNREACHABLE_CODE = YES;
				CLANG_WARN__DUPLICATE_METHOD_MATCH = YES;
				"CODE_SIGN_IDENTITY[sdk=iphoneos*]" = "iPhone Developer";
				COPY_PHASE_STRIP = NO;
				DEBUG_INFORMATION_FORMAT = "dwarf-with-dsym";
				ENABLE_NS_ASSERTIONS = NO;
				ENABLE_STRICT_OBJC_MSGSEND = YES;
				GCC_C_LANGUAGE_STANDARD = gnu99;
				GCC_NO_COMMON_BLOCKS = YES;
				GCC_WARN_64_TO_32_BIT_CONVERSION = YES;
				GCC_WARN_ABOUT_RETURN_TYPE = YES_ERROR;
				GCC_WARN_UNDECLARED_SELECTOR = YES;
				GCC_WARN_UNINITIALIZED_AUTOS = YES_AGGRESSIVE;
				GCC_WARN_UNUSED_FUNCTION = YES;
				GCC_WARN_UNUSED_VARIABLE = YES;
				IPHONEOS_DEPLOYMENT_TARGET = 10.1;
				MTL_ENABLE_DEBUG_INFO = NO;
				SDKROOT = iphoneos;
				SWIFT_OPTIMIZATION_LEVEL = "-Owholemodule";
				VALIDATE_PRODUCT = YES;
			};
			name = Release;
		};
		79E969BA1DCE1E8300C67B8F /* Debug */ = {
			isa = XCBuildConfiguration;
			baseConfigurationReference = 2FADEE8C029DB50C8C5BDB96 /* Pods-MusicProject.debug.xcconfig */;
			buildSettings = {
				ASSETCATALOG_COMPILER_APPICON_NAME = AppIcon;
				CLANG_ENABLE_MODULES = YES;
				INFOPLIST_FILE = MusicProject/Info.plist;
				LD_RUNPATH_SEARCH_PATHS = "$(inherited) @executable_path/Frameworks";
				PRODUCT_BUNDLE_IDENTIFIER = br.com.pearson.MusicProject;
				PRODUCT_NAME = "$(TARGET_NAME)";
				SWIFT_OBJC_BRIDGING_HEADER = "MusicProject-Bridging-Header.h";
				SWIFT_OPTIMIZATION_LEVEL = "-Onone";
				SWIFT_VERSION = 3.0;
			};
			name = Debug;
		};
		79E969BB1DCE1E8300C67B8F /* Release */ = {
			isa = XCBuildConfiguration;
			baseConfigurationReference = 89E099F64AAC33BFD422AD3E /* Pods-MusicProject.release.xcconfig */;
			buildSettings = {
				ASSETCATALOG_COMPILER_APPICON_NAME = AppIcon;
				CLANG_ENABLE_MODULES = YES;
				INFOPLIST_FILE = MusicProject/Info.plist;
				LD_RUNPATH_SEARCH_PATHS = "$(inherited) @executable_path/Frameworks";
				PRODUCT_BUNDLE_IDENTIFIER = br.com.pearson.MusicProject;
				PRODUCT_NAME = "$(TARGET_NAME)";
				SWIFT_OBJC_BRIDGING_HEADER = "MusicProject-Bridging-Header.h";
				SWIFT_VERSION = 3.0;
			};
			name = Release;
		};
/* End XCBuildConfiguration section */

/* Begin XCConfigurationList section */
		79E969A21DCE1E8300C67B8F /* Build configuration list for PBXProject "MusicProject" */ = {
			isa = XCConfigurationList;
			buildConfigurations = (
				79E969B71DCE1E8300C67B8F /* Debug */,
				79E969B81DCE1E8300C67B8F /* Release */,
			);
			defaultConfigurationIsVisible = 0;
			defaultConfigurationName = Release;
		};
		79E969B91DCE1E8300C67B8F /* Build configuration list for PBXNativeTarget "MusicProject" */ = {
			isa = XCConfigurationList;
			buildConfigurations = (
				79E969BA1DCE1E8300C67B8F /* Debug */,
				79E969BB1DCE1E8300C67B8F /* Release */,
			);
			defaultConfigurationIsVisible = 0;
			defaultConfigurationName = Release;
		};
/* End XCConfigurationList section */
	};
	rootObject = 79E9699F1DCE1E8300C67B8F /* Project object */;
}
